Microsoft Visual Studio Solution File, Format Version 8.00
Project("{FAE04EC0-301F-11D3-BF4B-00C04F79EFBC}") = "mshtml_automation_demo", "mshtml_automation_demo.csproj", "{777895E3-F01E-4506-9257-487EA251B463}"
	ProjectSection(ProjectDependencies) = postProject
	EndProjectSection
EndProject
Global
	GlobalSection(SolutionConfiguration) = preSolution
		Debug = Debug
		Release = Release
	EndGlobalSection
	GlobalSection(ProjectConfiguration) = postSolution
		{777895E3-F01E-4506-9257-487EA251B463}.Debug.ActiveCfg = Debug|.NET
		{777895E3-F01E-4506-9257-487EA251B463}.Debug.Build.0 = Debug|.NET
		{777895E3-F01E-4506-9257-487EA251B463}.Release.ActiveCfg = Release|.NET
		{777895E3-F01E-4506-9257-487EA251B463}.Release.Build.0 = Release|.NET
	EndGlobalSection
	GlobalSection(ExtensibilityGlobals) = postSolution
	EndGlobalSection
	GlobalSection(ExtensibilityAddIns) = postSolution
	EndGlobalSection
EndGlobal
