
Microsoft Visual Studio Solution File, Format Version 9.00
# Visual Studio 2005
Project("{FAE04EC0-301F-11D3-BF4B-00C04F79EFBC}") = "RSA-EMX-UML2", "RSA-EMX-UML2\RSA-EMX-UML2.csproj", "{0371B23E-58DD-4A7F-B321-27D4FA6CDDD2}"
EndProject
Global
	GlobalSection(SolutionConfigurationPlatforms) = preSolution
		Debug|Any CPU = Debug|Any CPU
		Release|Any CPU = Release|Any CPU
	EndGlobalSection
	GlobalSection(ProjectConfigurationPlatforms) = postSolution
		{0371B23E-58DD-4A7F-B321-27D4FA6CDDD2}.Debug|Any CPU.ActiveCfg = Debug|Any CPU
		{0371B23E-58DD-4A7F-B321-27D4FA6CDDD2}.Debug|Any CPU.Build.0 = Debug|Any CPU
		{0371B23E-58DD-4A7F-B321-27D4FA6CDDD2}.Release|Any CPU.ActiveCfg = Release|Any CPU
		{0371B23E-58DD-4A7F-B321-27D4FA6CDDD2}.Release|Any CPU.Build.0 = Release|Any CPU
	EndGlobalSection
	GlobalSection(SolutionProperties) = preSolution
		HideSolutionNode = FALSE
	EndGlobalSection
EndGlobal
