Microsoft Visual Studio Solution File, Format Version 8.00
Project("{FAE04EC0-301F-11D3-BF4B-00C04F79EFBC}") = "SimpleLogger", "SimpleLogger.csproj", "{DA4B5C4B-6375-4A5E-B4E7-5918C0DBCE9A}"
	ProjectSection(ProjectDependencies) = postProject
	EndProjectSection
EndProject
Global
	GlobalSection(SolutionConfiguration) = preSolution
		Debug = Debug
		Release = Release
	EndGlobalSection
	GlobalSection(ProjectConfiguration) = postSolution
		{DA4B5C4B-6375-4A5E-B4E7-5918C0DBCE9A}.Debug.ActiveCfg = Debug|.NET
		{DA4B5C4B-6375-4A5E-B4E7-5918C0DBCE9A}.Debug.Build.0 = Debug|.NET
		{DA4B5C4B-6375-4A5E-B4E7-5918C0DBCE9A}.Release.ActiveCfg = Release|.NET
		{DA4B5C4B-6375-4A5E-B4E7-5918C0DBCE9A}.Release.Build.0 = Release|.NET
	EndGlobalSection
	GlobalSection(ExtensibilityGlobals) = postSolution
	EndGlobalSection
	GlobalSection(ExtensibilityAddIns) = postSolution
	EndGlobalSection
EndGlobal
