Microsoft Visual Studio Solution File, Format Version 8.00
Project("{FAE04EC0-301F-11D3-BF4B-00C04F79EFBC}") = "Palladio.Reliability.Attributes", "Palladio.Reliability.Attributes.csproj", "{8721B778-4B64-41E0-96D4-BC810AFC9F92}"
	ProjectSection(ProjectDependencies) = postProject
	EndProjectSection
EndProject
Project("{FAE04EC0-301F-11D3-BF4B-00C04F79EFBC}") = "Numerics", "..\..\MathNet.Numerics\src\Numerics.csproj", "{8D2A69DC-7A76-44B3-B976-C078AF604763}"
	ProjectSection(ProjectDependencies) = postProject
	EndProjectSection
EndProject
Project("{FAE04EC0-301F-11D3-BF4B-00C04F79EFBC}") = "Palladio.Attributes", "..\..\Palladio.Attributes\Palladio.Attributes.csproj", "{7726B451-F155-4534-986E-8960C7BA4D97}"
	ProjectSection(ProjectDependencies) = postProject
	EndProjectSection
EndProject
Project("{FAE04EC0-301F-11D3-BF4B-00C04F79EFBC}") = "ReflectionBasedVisitor", "..\..\ReflectionBasedVisitor\ReflectionBasedVisitor.csproj", "{0B58EB89-A90A-4C44-8B3D-CEF6D20B2630}"
	ProjectSection(ProjectDependencies) = postProject
	EndProjectSection
EndProject
Project("{FAE04EC0-301F-11D3-BF4B-00C04F79EFBC}") = "Palladio.Reliability.Math", "..\Math\Palladio.Reliability.Math.csproj", "{5F94A15B-5D2C-4990-8C39-6F8C4744E88A}"
	ProjectSection(ProjectDependencies) = postProject
	EndProjectSection
EndProject
Global
	GlobalSection(SolutionConfiguration) = preSolution
		Debug = Debug
		Release = Release
		Release-Mono = Release-Mono
	EndGlobalSection
	GlobalSection(ProjectConfiguration) = postSolution
		{8721B778-4B64-41E0-96D4-BC810AFC9F92}.Debug.ActiveCfg = Debug|.NET
		{8721B778-4B64-41E0-96D4-BC810AFC9F92}.Debug.Build.0 = Debug|.NET
		{8721B778-4B64-41E0-96D4-BC810AFC9F92}.Release.ActiveCfg = Release|.NET
		{8721B778-4B64-41E0-96D4-BC810AFC9F92}.Release.Build.0 = Release|.NET
		{8721B778-4B64-41E0-96D4-BC810AFC9F92}.Release-Mono.ActiveCfg = Release|.NET
		{8721B778-4B64-41E0-96D4-BC810AFC9F92}.Release-Mono.Build.0 = Release|.NET
		{8D2A69DC-7A76-44B3-B976-C078AF604763}.Debug.ActiveCfg = Debug|.NET
		{8D2A69DC-7A76-44B3-B976-C078AF604763}.Debug.Build.0 = Debug|.NET
		{8D2A69DC-7A76-44B3-B976-C078AF604763}.Release.ActiveCfg = Release|.NET
		{8D2A69DC-7A76-44B3-B976-C078AF604763}.Release.Build.0 = Release|.NET
		{8D2A69DC-7A76-44B3-B976-C078AF604763}.Release-Mono.ActiveCfg = Release-Mono|.NET
		{8D2A69DC-7A76-44B3-B976-C078AF604763}.Release-Mono.Build.0 = Release-Mono|.NET
		{7726B451-F155-4534-986E-8960C7BA4D97}.Debug.ActiveCfg = Debug|.NET
		{7726B451-F155-4534-986E-8960C7BA4D97}.Debug.Build.0 = Debug|.NET
		{7726B451-F155-4534-986E-8960C7BA4D97}.Release.ActiveCfg = Release|.NET
		{7726B451-F155-4534-986E-8960C7BA4D97}.Release.Build.0 = Release|.NET
		{7726B451-F155-4534-986E-8960C7BA4D97}.Release-Mono.ActiveCfg = Release|.NET
		{7726B451-F155-4534-986E-8960C7BA4D97}.Release-Mono.Build.0 = Release|.NET
		{0B58EB89-A90A-4C44-8B3D-CEF6D20B2630}.Debug.ActiveCfg = Debug|.NET
		{0B58EB89-A90A-4C44-8B3D-CEF6D20B2630}.Debug.Build.0 = Debug|.NET
		{0B58EB89-A90A-4C44-8B3D-CEF6D20B2630}.Release.ActiveCfg = Release|.NET
		{0B58EB89-A90A-4C44-8B3D-CEF6D20B2630}.Release.Build.0 = Release|.NET
		{0B58EB89-A90A-4C44-8B3D-CEF6D20B2630}.Release-Mono.ActiveCfg = Release|.NET
		{0B58EB89-A90A-4C44-8B3D-CEF6D20B2630}.Release-Mono.Build.0 = Release|.NET
		{5F94A15B-5D2C-4990-8C39-6F8C4744E88A}.Debug.ActiveCfg = Debug|.NET
		{5F94A15B-5D2C-4990-8C39-6F8C4744E88A}.Debug.Build.0 = Debug|.NET
		{5F94A15B-5D2C-4990-8C39-6F8C4744E88A}.Release.ActiveCfg = Release|.NET
		{5F94A15B-5D2C-4990-8C39-6F8C4744E88A}.Release.Build.0 = Release|.NET
		{5F94A15B-5D2C-4990-8C39-6F8C4744E88A}.Release-Mono.ActiveCfg = Release|.NET
		{5F94A15B-5D2C-4990-8C39-6F8C4744E88A}.Release-Mono.Build.0 = Release|.NET
	EndGlobalSection
	GlobalSection(ExtensibilityGlobals) = postSolution
	EndGlobalSection
	GlobalSection(ExtensibilityAddIns) = postSolution
	EndGlobalSection
EndGlobal
