Microsoft Visual Studio Solution File, Format Version 8.00
Project("{FAE04EC0-301F-11D3-BF4B-00C04F79EFBC}") = "Palladio.Simulation", "Palladio.Simulation.csproj", "{699B357B-4A5D-4936-9FC0-9809EEB29E9F}"
	ProjectSection(ProjectDependencies) = postProject
	EndProjectSection
EndProject
Global
	GlobalSection(SolutionConfiguration) = preSolution
		Debug = Debug
		Release = Release
	EndGlobalSection
	GlobalSection(ProjectConfiguration) = postSolution
		{699B357B-4A5D-4936-9FC0-9809EEB29E9F}.Debug.ActiveCfg = Debug|.NET
		{699B357B-4A5D-4936-9FC0-9809EEB29E9F}.Debug.Build.0 = Debug|.NET
		{699B357B-4A5D-4936-9FC0-9809EEB29E9F}.Release.ActiveCfg = Release|.NET
		{699B357B-4A5D-4936-9FC0-9809EEB29E9F}.Release.Build.0 = Release|.NET
	EndGlobalSection
	GlobalSection(ExtensibilityGlobals) = postSolution
	EndGlobalSection
	GlobalSection(ExtensibilityAddIns) = postSolution
	EndGlobalSection
EndGlobal
