Microsoft Visual Studio Solution File, Format Version 8.00
Project("{FAE04EC0-301F-11D3-BF4B-00C04F79EFBC}") = "Palladio.Editor.PluginCommon", "Palladio.Editor.PluginCommon.csproj", "{461BED64-4ECB-457B-8516-71C5FDA7895D}"
	ProjectSection(ProjectDependencies) = postProject
	EndProjectSection
EndProject
Global
	GlobalSection(SolutionConfiguration) = preSolution
		Debug = Debug
		Release = Release
	EndGlobalSection
	GlobalSection(ProjectConfiguration) = postSolution
		{461BED64-4ECB-457B-8516-71C5FDA7895D}.Debug.ActiveCfg = Debug|.NET
		{461BED64-4ECB-457B-8516-71C5FDA7895D}.Debug.Build.0 = Debug|.NET
		{461BED64-4ECB-457B-8516-71C5FDA7895D}.Release.ActiveCfg = Release|.NET
		{461BED64-4ECB-457B-8516-71C5FDA7895D}.Release.Build.0 = Release|.NET
	EndGlobalSection
	GlobalSection(ExtensibilityGlobals) = postSolution
	EndGlobalSection
	GlobalSection(ExtensibilityAddIns) = postSolution
	EndGlobalSection
EndGlobal
