Microsoft Visual Studio Solution File, Format Version 8.00
Project("{FAE04EC0-301F-11D3-BF4B-00C04F79EFBC}") = "Palladio.FiniteStateMachines", "Palladio.FiniteStateMachines.csproj", "{2C7A9FEC-12AF-4F5B-82DF-70EA6BA2BECE}"
	ProjectSection(ProjectDependencies) = postProject
	EndProjectSection
EndProject
Project("{FAE04EC0-301F-11D3-BF4B-00C04F79EFBC}") = "ReflectionBasedVisitor", "..\ReflectionBasedVisitor\ReflectionBasedVisitor.csproj", "{0B58EB89-A90A-4C44-8B3D-CEF6D20B2630}"
	ProjectSection(ProjectDependencies) = postProject
	EndProjectSection
EndProject
Project("{FAE04EC0-301F-11D3-BF4B-00C04F79EFBC}") = "Palladio.Utils", "..\Palladio.Utils\Palladio.Utils.csproj", "{AEA33F47-FDF0-4A90-A95C-BABBFE19D2E6}"
	ProjectSection(ProjectDependencies) = postProject
	EndProjectSection
EndProject
Global
	GlobalSection(SolutionConfiguration) = preSolution
		Debug = Debug
		Release = Release
	EndGlobalSection
	GlobalSection(ProjectConfiguration) = postSolution
		{2C7A9FEC-12AF-4F5B-82DF-70EA6BA2BECE}.Debug.ActiveCfg = Debug|.NET
		{2C7A9FEC-12AF-4F5B-82DF-70EA6BA2BECE}.Debug.Build.0 = Debug|.NET
		{2C7A9FEC-12AF-4F5B-82DF-70EA6BA2BECE}.Release.ActiveCfg = Release|.NET
		{2C7A9FEC-12AF-4F5B-82DF-70EA6BA2BECE}.Release.Build.0 = Release|.NET
		{0B58EB89-A90A-4C44-8B3D-CEF6D20B2630}.Debug.ActiveCfg = Debug|.NET
		{0B58EB89-A90A-4C44-8B3D-CEF6D20B2630}.Debug.Build.0 = Debug|.NET
		{0B58EB89-A90A-4C44-8B3D-CEF6D20B2630}.Release.ActiveCfg = Release|.NET
		{0B58EB89-A90A-4C44-8B3D-CEF6D20B2630}.Release.Build.0 = Release|.NET
		{AEA33F47-FDF0-4A90-A95C-BABBFE19D2E6}.Debug.ActiveCfg = Debug|.NET
		{AEA33F47-FDF0-4A90-A95C-BABBFE19D2E6}.Debug.Build.0 = Debug|.NET
		{AEA33F47-FDF0-4A90-A95C-BABBFE19D2E6}.Release.ActiveCfg = Release|.NET
		{AEA33F47-FDF0-4A90-A95C-BABBFE19D2E6}.Release.Build.0 = Release|.NET
	EndGlobalSection
	GlobalSection(ExtensibilityGlobals) = postSolution
	EndGlobalSection
	GlobalSection(ExtensibilityAddIns) = postSolution
	EndGlobalSection
EndGlobal
