Microsoft Visual Studio Solution File, Format Version 8.00
Project("{FAE04EC0-301F-11D3-BF4B-00C04F79EFBC}") = "Palladio.Reliability.Visualisation", "Palladio.Reliability.Visualisation.csproj", "{DF58A39C-AEC4-4DD4-8105-CF875898EECF}"
	ProjectSection(ProjectDependencies) = postProject
	EndProjectSection
EndProject
Project("{FAE04EC0-301F-11D3-BF4B-00C04F79EFBC}") = "Palladio.Attributes", "..\Palladio.Attributes\Palladio.Attributes.csproj", "{7726B451-F155-4534-986E-8960C7BA4D97}"
	ProjectSection(ProjectDependencies) = postProject
	EndProjectSection
EndProject
Project("{FAE04EC0-301F-11D3-BF4B-00C04F79EFBC}") = "Palladio.ComponentModel", "..\Palladio.ComponentModel\Palladio.ComponentModel.csproj", "{6220A06F-242E-47A8-AB82-C3FA1528BD42}"
	ProjectSection(ProjectDependencies) = postProject
	EndProjectSection
EndProject
Project("{FAE04EC0-301F-11D3-BF4B-00C04F79EFBC}") = "Palladio.FiniteStateMachines", "..\Palladio.FiniteStateMachines\Palladio.FiniteStateMachines.csproj", "{2C7A9FEC-12AF-4F5B-82DF-70EA6BA2BECE}"
	ProjectSection(ProjectDependencies) = postProject
	EndProjectSection
EndProject
Project("{FAE04EC0-301F-11D3-BF4B-00C04F79EFBC}") = "Palladio.Identifier", "..\Palladio.Identifier\Palladio.Identifier.csproj", "{8FCBDED0-6436-4FE6-B99B-13F3BDE8D65C}"
	ProjectSection(ProjectDependencies) = postProject
	EndProjectSection
EndProject
Project("{FAE04EC0-301F-11D3-BF4B-00C04F79EFBC}") = "Palladio.Utils", "..\Palladio.Utils\Palladio.Utils.csproj", "{AEA33F47-FDF0-4A90-A95C-BABBFE19D2E6}"
	ProjectSection(ProjectDependencies) = postProject
	EndProjectSection
EndProject
Project("{FAE04EC0-301F-11D3-BF4B-00C04F79EFBC}") = "ReflectionBasedVisitor", "..\ReflectionBasedVisitor\ReflectionBasedVisitor.csproj", "{0B58EB89-A90A-4C44-8B3D-CEF6D20B2630}"
	ProjectSection(ProjectDependencies) = postProject
	EndProjectSection
EndProject
Project("{FAE04EC0-301F-11D3-BF4B-00C04F79EFBC}") = "Palladio.Reliability", "..\Palladio.Reliability\Palladio.Reliability.csproj", "{66F27784-5E55-4BF6-8D82-820C82513861}"
	ProjectSection(ProjectDependencies) = postProject
	EndProjectSection
EndProject
Project("{FAE04EC0-301F-11D3-BF4B-00C04F79EFBC}") = "Palladio.RegularExpressions", "..\Palladio.RegularExpressions\Palladio.RegularExpressions.csproj", "{D7C2E338-4041-4625-8C14-DA18436677B2}"
	ProjectSection(ProjectDependencies) = postProject
	EndProjectSection
EndProject
Project("{FAE04EC0-301F-11D3-BF4B-00C04F79EFBC}") = "Palladio.DeploymentModel", "..\Palladio.DeploymentModel\Palladio.DeploymentModel.csproj", "{109F74D9-0E6A-44EA-BF85-861DF2B69A39}"
	ProjectSection(ProjectDependencies) = postProject
	EndProjectSection
EndProject
Project("{FAE04EC0-301F-11D3-BF4B-00C04F79EFBC}") = "Palladio.Math", "..\Palladio.Math\Palladio.Math.csproj", "{5F94A15B-5D2C-4990-8C39-6F8C4744E88A}"
	ProjectSection(ProjectDependencies) = postProject
	EndProjectSection
EndProject
Project("{FAE04EC0-301F-11D3-BF4B-00C04F79EFBC}") = "Numerics", "..\MathNet.Numerics\src\Numerics.csproj", "{8D2A69DC-7A76-44B3-B976-C078AF604763}"
	ProjectSection(ProjectDependencies) = postProject
	EndProjectSection
EndProject
Global
	GlobalSection(SolutionConfiguration) = preSolution
		Debug = Debug
		Release = Release
		Release-Mono = Release-Mono
	EndGlobalSection
	GlobalSection(ProjectConfiguration) = postSolution
		{DF58A39C-AEC4-4DD4-8105-CF875898EECF}.Debug.ActiveCfg = Debug|.NET
		{DF58A39C-AEC4-4DD4-8105-CF875898EECF}.Debug.Build.0 = Debug|.NET
		{DF58A39C-AEC4-4DD4-8105-CF875898EECF}.Release.ActiveCfg = Release|.NET
		{DF58A39C-AEC4-4DD4-8105-CF875898EECF}.Release.Build.0 = Release|.NET
		{DF58A39C-AEC4-4DD4-8105-CF875898EECF}.Release-Mono.ActiveCfg = Release|.NET
		{DF58A39C-AEC4-4DD4-8105-CF875898EECF}.Release-Mono.Build.0 = Release|.NET
		{7726B451-F155-4534-986E-8960C7BA4D97}.Debug.ActiveCfg = Release|.NET
		{7726B451-F155-4534-986E-8960C7BA4D97}.Debug.Build.0 = Release|.NET
		{7726B451-F155-4534-986E-8960C7BA4D97}.Release.ActiveCfg = Release|.NET
		{7726B451-F155-4534-986E-8960C7BA4D97}.Release.Build.0 = Release|.NET
		{7726B451-F155-4534-986E-8960C7BA4D97}.Release-Mono.ActiveCfg = Release|.NET
		{7726B451-F155-4534-986E-8960C7BA4D97}.Release-Mono.Build.0 = Release|.NET
		{6220A06F-242E-47A8-AB82-C3FA1528BD42}.Debug.ActiveCfg = Release|.NET
		{6220A06F-242E-47A8-AB82-C3FA1528BD42}.Debug.Build.0 = Release|.NET
		{6220A06F-242E-47A8-AB82-C3FA1528BD42}.Release.ActiveCfg = Release|.NET
		{6220A06F-242E-47A8-AB82-C3FA1528BD42}.Release.Build.0 = Release|.NET
		{6220A06F-242E-47A8-AB82-C3FA1528BD42}.Release-Mono.ActiveCfg = Release|.NET
		{6220A06F-242E-47A8-AB82-C3FA1528BD42}.Release-Mono.Build.0 = Release|.NET
		{2C7A9FEC-12AF-4F5B-82DF-70EA6BA2BECE}.Debug.ActiveCfg = Debug|.NET
		{2C7A9FEC-12AF-4F5B-82DF-70EA6BA2BECE}.Debug.Build.0 = Debug|.NET
		{2C7A9FEC-12AF-4F5B-82DF-70EA6BA2BECE}.Release.ActiveCfg = Release|.NET
		{2C7A9FEC-12AF-4F5B-82DF-70EA6BA2BECE}.Release.Build.0 = Release|.NET
		{2C7A9FEC-12AF-4F5B-82DF-70EA6BA2BECE}.Release-Mono.ActiveCfg = Release|.NET
		{2C7A9FEC-12AF-4F5B-82DF-70EA6BA2BECE}.Release-Mono.Build.0 = Release|.NET
		{8FCBDED0-6436-4FE6-B99B-13F3BDE8D65C}.Debug.ActiveCfg = Release|.NET
		{8FCBDED0-6436-4FE6-B99B-13F3BDE8D65C}.Debug.Build.0 = Release|.NET
		{8FCBDED0-6436-4FE6-B99B-13F3BDE8D65C}.Release.ActiveCfg = Release|.NET
		{8FCBDED0-6436-4FE6-B99B-13F3BDE8D65C}.Release.Build.0 = Release|.NET
		{8FCBDED0-6436-4FE6-B99B-13F3BDE8D65C}.Release-Mono.ActiveCfg = Release|.NET
		{8FCBDED0-6436-4FE6-B99B-13F3BDE8D65C}.Release-Mono.Build.0 = Release|.NET
		{AEA33F47-FDF0-4A90-A95C-BABBFE19D2E6}.Debug.ActiveCfg = Release|.NET
		{AEA33F47-FDF0-4A90-A95C-BABBFE19D2E6}.Debug.Build.0 = Release|.NET
		{AEA33F47-FDF0-4A90-A95C-BABBFE19D2E6}.Release.ActiveCfg = Release|.NET
		{AEA33F47-FDF0-4A90-A95C-BABBFE19D2E6}.Release.Build.0 = Release|.NET
		{AEA33F47-FDF0-4A90-A95C-BABBFE19D2E6}.Release-Mono.ActiveCfg = Release|.NET
		{AEA33F47-FDF0-4A90-A95C-BABBFE19D2E6}.Release-Mono.Build.0 = Release|.NET
		{0B58EB89-A90A-4C44-8B3D-CEF6D20B2630}.Debug.ActiveCfg = Release|.NET
		{0B58EB89-A90A-4C44-8B3D-CEF6D20B2630}.Debug.Build.0 = Release|.NET
		{0B58EB89-A90A-4C44-8B3D-CEF6D20B2630}.Release.ActiveCfg = Release|.NET
		{0B58EB89-A90A-4C44-8B3D-CEF6D20B2630}.Release.Build.0 = Release|.NET
		{0B58EB89-A90A-4C44-8B3D-CEF6D20B2630}.Release-Mono.ActiveCfg = Release|.NET
		{0B58EB89-A90A-4C44-8B3D-CEF6D20B2630}.Release-Mono.Build.0 = Release|.NET
		{66F27784-5E55-4BF6-8D82-820C82513861}.Debug.ActiveCfg = Debug|.NET
		{66F27784-5E55-4BF6-8D82-820C82513861}.Debug.Build.0 = Debug|.NET
		{66F27784-5E55-4BF6-8D82-820C82513861}.Release.ActiveCfg = Release|.NET
		{66F27784-5E55-4BF6-8D82-820C82513861}.Release.Build.0 = Release|.NET
		{66F27784-5E55-4BF6-8D82-820C82513861}.Release-Mono.ActiveCfg = Release|.NET
		{66F27784-5E55-4BF6-8D82-820C82513861}.Release-Mono.Build.0 = Release|.NET
		{D7C2E338-4041-4625-8C14-DA18436677B2}.Debug.ActiveCfg = Debug|.NET
		{D7C2E338-4041-4625-8C14-DA18436677B2}.Debug.Build.0 = Debug|.NET
		{D7C2E338-4041-4625-8C14-DA18436677B2}.Release.ActiveCfg = Release|.NET
		{D7C2E338-4041-4625-8C14-DA18436677B2}.Release.Build.0 = Release|.NET
		{D7C2E338-4041-4625-8C14-DA18436677B2}.Release-Mono.ActiveCfg = Release|.NET
		{D7C2E338-4041-4625-8C14-DA18436677B2}.Release-Mono.Build.0 = Release|.NET
		{109F74D9-0E6A-44EA-BF85-861DF2B69A39}.Debug.ActiveCfg = Debug|.NET
		{109F74D9-0E6A-44EA-BF85-861DF2B69A39}.Debug.Build.0 = Debug|.NET
		{109F74D9-0E6A-44EA-BF85-861DF2B69A39}.Release.ActiveCfg = Release|.NET
		{109F74D9-0E6A-44EA-BF85-861DF2B69A39}.Release.Build.0 = Release|.NET
		{109F74D9-0E6A-44EA-BF85-861DF2B69A39}.Release-Mono.ActiveCfg = Release|.NET
		{109F74D9-0E6A-44EA-BF85-861DF2B69A39}.Release-Mono.Build.0 = Release|.NET
		{5F94A15B-5D2C-4990-8C39-6F8C4744E88A}.Debug.ActiveCfg = Debug|.NET
		{5F94A15B-5D2C-4990-8C39-6F8C4744E88A}.Debug.Build.0 = Debug|.NET
		{5F94A15B-5D2C-4990-8C39-6F8C4744E88A}.Release.ActiveCfg = Release|.NET
		{5F94A15B-5D2C-4990-8C39-6F8C4744E88A}.Release.Build.0 = Release|.NET
		{5F94A15B-5D2C-4990-8C39-6F8C4744E88A}.Release-Mono.ActiveCfg = Release|.NET
		{5F94A15B-5D2C-4990-8C39-6F8C4744E88A}.Release-Mono.Build.0 = Release|.NET
		{8D2A69DC-7A76-44B3-B976-C078AF604763}.Debug.ActiveCfg = Debug|.NET
		{8D2A69DC-7A76-44B3-B976-C078AF604763}.Debug.Build.0 = Debug|.NET
		{8D2A69DC-7A76-44B3-B976-C078AF604763}.Release.ActiveCfg = Release|.NET
		{8D2A69DC-7A76-44B3-B976-C078AF604763}.Release.Build.0 = Release|.NET
		{8D2A69DC-7A76-44B3-B976-C078AF604763}.Release-Mono.ActiveCfg = Release-Mono|.NET
		{8D2A69DC-7A76-44B3-B976-C078AF604763}.Release-Mono.Build.0 = Release-Mono|.NET
	EndGlobalSection
	GlobalSection(ExtensibilityGlobals) = postSolution
	EndGlobalSection
	GlobalSection(ExtensibilityAddIns) = postSolution
	EndGlobalSection
EndGlobal
