Microsoft Visual Studio Solution File, Format Version 8.00
Project("{FAE04EC0-301F-11D3-BF4B-00C04F79EFBC}") = "Palladio.Example.Simulation", "Palladio.Example.Simulation.csproj", "{43004761-4F7D-4A46-A6AF-B9B367A15E9B}"
	ProjectSection(ProjectDependencies) = postProject
	EndProjectSection
EndProject
Global
	GlobalSection(SolutionConfiguration) = preSolution
		Debug = Debug
		Release = Release
	EndGlobalSection
	GlobalSection(ProjectConfiguration) = postSolution
		{43004761-4F7D-4A46-A6AF-B9B367A15E9B}.Debug.ActiveCfg = Debug|.NET
		{43004761-4F7D-4A46-A6AF-B9B367A15E9B}.Debug.Build.0 = Debug|.NET
		{43004761-4F7D-4A46-A6AF-B9B367A15E9B}.Release.ActiveCfg = Release|.NET
		{43004761-4F7D-4A46-A6AF-B9B367A15E9B}.Release.Build.0 = Release|.NET
	EndGlobalSection
	GlobalSection(ExtensibilityGlobals) = postSolution
	EndGlobalSection
	GlobalSection(ExtensibilityAddIns) = postSolution
	EndGlobalSection
EndGlobal
