Microsoft Visual Studio Solution File, Format Version 7.00
Project("{FAE04EC0-301F-11D3-BF4B-00C04F79EFBC}") = "MyCollections", "MyCollections.csproj", "{A0D8DE5E-449C-48DA-A57C-4360EFD50D24}"
EndProject
Global
	GlobalSection(SolutionConfiguration) = preSolution
		ConfigName.0 = Debug
		ConfigName.1 = Release
	EndGlobalSection
	GlobalSection(ProjectDependencies) = postSolution
	EndGlobalSection
	GlobalSection(ProjectConfiguration) = postSolution
		{A0D8DE5E-449C-48DA-A57C-4360EFD50D24}.Debug.ActiveCfg = Debug|.NET
		{A0D8DE5E-449C-48DA-A57C-4360EFD50D24}.Debug.Build.0 = Debug|.NET
		{A0D8DE5E-449C-48DA-A57C-4360EFD50D24}.Release.ActiveCfg = Release|.NET
		{A0D8DE5E-449C-48DA-A57C-4360EFD50D24}.Release.Build.0 = Release|.NET
	EndGlobalSection
	GlobalSection(ExtensibilityGlobals) = postSolution
	EndGlobalSection
	GlobalSection(ExtensibilityAddIns) = postSolution
	EndGlobalSection
EndGlobal
