Microsoft Visual Studio Solution File, Format Version 8.00
Project("{FAE04EC0-301F-11D3-BF4B-00C04F79EFBC}") = "ILBenchmark.AnalyseTool", "ILBenchmark.AnalyseTool.csproj", "{158D538F-5613-4BB3-A52D-6126B83874A0}"
	ProjectSection(ProjectDependencies) = postProject
	EndProjectSection
EndProject
Global
	GlobalSection(SolutionConfiguration) = preSolution
		Debug = Debug
		Release = Release
	EndGlobalSection
	GlobalSection(ProjectConfiguration) = postSolution
		{158D538F-5613-4BB3-A52D-6126B83874A0}.Debug.ActiveCfg = Debug|.NET
		{158D538F-5613-4BB3-A52D-6126B83874A0}.Debug.Build.0 = Debug|.NET
		{158D538F-5613-4BB3-A52D-6126B83874A0}.Release.ActiveCfg = Release|.NET
		{158D538F-5613-4BB3-A52D-6126B83874A0}.Release.Build.0 = Release|.NET
	EndGlobalSection
	GlobalSection(ExtensibilityGlobals) = postSolution
	EndGlobalSection
	GlobalSection(ExtensibilityAddIns) = postSolution
	EndGlobalSection
EndGlobal
