Microsoft Visual Studio Solution File, Format Version 8.00
Project("{FAE04EC0-301F-11D3-BF4B-00C04F79EFBC}") = "Scheduler", "Scheduler.csproj", "{69DB7969-C695-4587-BCA0-CB888C5ADE47}"
	ProjectSection(ProjectDependencies) = postProject
	EndProjectSection
EndProject
Global
	GlobalSection(SolutionConfiguration) = preSolution
		Debug = Debug
		Release = Release
	EndGlobalSection
	GlobalSection(ProjectConfiguration) = postSolution
		{69DB7969-C695-4587-BCA0-CB888C5ADE47}.Debug.ActiveCfg = Debug|.NET
		{69DB7969-C695-4587-BCA0-CB888C5ADE47}.Debug.Build.0 = Debug|.NET
		{69DB7969-C695-4587-BCA0-CB888C5ADE47}.Release.ActiveCfg = Release|.NET
		{69DB7969-C695-4587-BCA0-CB888C5ADE47}.Release.Build.0 = Release|.NET
	EndGlobalSection
	GlobalSection(ExtensibilityGlobals) = postSolution
	EndGlobalSection
	GlobalSection(ExtensibilityAddIns) = postSolution
	EndGlobalSection
EndGlobal
