Microsoft Visual Studio Solution File, Format Version 8.00
Project("{FAE04EC0-301F-11D3-BF4B-00C04F79EFBC}") = "WebserverXML", "WebserverXML.csproj", "{E6A552D1-37B9-2F43-9681-8DF6D0DFC1CE}"
	ProjectSection(ProjectDependencies) = postProject
		{03AAA791-EC2D-4A90-ABBF-45337E52DFD6} = {03AAA791-EC2D-4A90-ABBF-45337E52DFD6}
		{D43E6C54-2DF5-454E-9566-DFFE2F3A6946} = {D43E6C54-2DF5-454E-9566-DFFE2F3A6946}
	EndProjectSection
EndProject
Project("{FAE04EC0-301F-11D3-BF4B-00C04F79EFBC}") = "AltovaXML", "..\AltovaXML\AltovaXML.csproj", "{03AAA791-EC2D-4A90-ABBF-45337E52DFD6}"
	ProjectSection(ProjectDependencies) = postProject
		{D43E6C54-2DF5-454E-9566-DFFE2F3A6946} = {D43E6C54-2DF5-454E-9566-DFFE2F3A6946}
	EndProjectSection
EndProject
Project("{FAE04EC0-301F-11D3-BF4B-00C04F79EFBC}") = "Altova", "..\Altova\Altova.csproj", "{D43E6C54-2DF5-454E-9566-DFFE2F3A6946}"
	ProjectSection(ProjectDependencies) = postProject
	EndProjectSection
EndProject
Global
	GlobalSection(SolutionConfiguration) = preSolution
		Debug = Debug
		Release = Release
	EndGlobalSection
	GlobalSection(ProjectConfiguration) = postSolution
		{E6A552D1-37B9-2F43-9681-8DF6D0DFC1CE}.Debug.ActiveCfg = Debug|.NET
		{E6A552D1-37B9-2F43-9681-8DF6D0DFC1CE}.Debug.Build.0 = Debug|.NET
		{E6A552D1-37B9-2F43-9681-8DF6D0DFC1CE}.Release.ActiveCfg = Release|.NET
		{E6A552D1-37B9-2F43-9681-8DF6D0DFC1CE}.Release.Build.0 = Release|.NET
		{03AAA791-EC2D-4A90-ABBF-45337E52DFD6}.Debug.ActiveCfg = Debug|.NET
		{03AAA791-EC2D-4A90-ABBF-45337E52DFD6}.Debug.Build.0 = Debug|.NET
		{03AAA791-EC2D-4A90-ABBF-45337E52DFD6}.Release.ActiveCfg = Release|.NET
		{03AAA791-EC2D-4A90-ABBF-45337E52DFD6}.Release.Build.0 = Release|.NET
		{D43E6C54-2DF5-454E-9566-DFFE2F3A6946}.Debug.ActiveCfg = Debug|.NET
		{D43E6C54-2DF5-454E-9566-DFFE2F3A6946}.Debug.Build.0 = Debug|.NET
		{D43E6C54-2DF5-454E-9566-DFFE2F3A6946}.Release.ActiveCfg = Release|.NET
		{D43E6C54-2DF5-454E-9566-DFFE2F3A6946}.Release.Build.0 = Release|.NET
	EndGlobalSection
	GlobalSection(ExtensibilityGlobals) = postSolution
	EndGlobalSection
	GlobalSection(ExtensibilityAddIns) = postSolution
	EndGlobalSection
EndGlobal
