Microsoft Visual Studio Solution File, Format Version 8.00
Project("{FAE04EC0-301F-11D3-BF4B-00C04F79EFBC}") = "RequestClient", "RequestClient.csproj", "{51FD670F-B0FE-4A45-B057-BA3D8DFE3414}"
	ProjectSection(ProjectDependencies) = postProject
	EndProjectSection
EndProject
Global
	GlobalSection(SolutionConfiguration) = preSolution
		Debug = Debug
		Release = Release
	EndGlobalSection
	GlobalSection(ProjectConfiguration) = postSolution
		{51FD670F-B0FE-4A45-B057-BA3D8DFE3414}.Debug.ActiveCfg = Debug|.NET
		{51FD670F-B0FE-4A45-B057-BA3D8DFE3414}.Debug.Build.0 = Debug|.NET
		{51FD670F-B0FE-4A45-B057-BA3D8DFE3414}.Release.ActiveCfg = Release|.NET
		{51FD670F-B0FE-4A45-B057-BA3D8DFE3414}.Release.Build.0 = Release|.NET
	EndGlobalSection
	GlobalSection(ExtensibilityGlobals) = postSolution
	EndGlobalSection
	GlobalSection(ExtensibilityAddIns) = postSolution
	EndGlobalSection
EndGlobal
