Microsoft Visual Studio Solution File, Format Version 8.00
Project("{FAE04EC0-301F-11D3-BF4B-00C04F79EFBC}") = "Client", "Client\Client.csproj", "{568B41D8-5CED-4790-86D6-C57874784B4B}"
	ProjectSection(ProjectDependencies) = postProject
	EndProjectSection
EndProject
Project("{FAE04EC0-301F-11D3-BF4B-00C04F79EFBC}") = "ReplicationManager", "ReplicationManager\ReplicationManager.csproj", "{8801CA75-B4B9-4584-9CE8-4C5A53DF9947}"
	ProjectSection(ProjectDependencies) = postProject
	EndProjectSection
EndProject
Project("{FAE04EC0-301F-11D3-BF4B-00C04F79EFBC}") = "ReplicationServer", "ReplicationServer\ReplicationServer.csproj", "{186DC1FB-78AC-4458-8802-14323E57B350}"
	ProjectSection(ProjectDependencies) = postProject
	EndProjectSection
EndProject
Project("{FAE04EC0-301F-11D3-BF4B-00C04F79EFBC}") = "Server", "Server\Server.csproj", "{A7D613E4-D1AB-4C13-B81D-2D6AA5CA8052}"
	ProjectSection(ProjectDependencies) = postProject
	EndProjectSection
EndProject
Project("{FAE04EC0-301F-11D3-BF4B-00C04F79EFBC}") = "Service", "Service\Service.csproj", "{E7B3D8E4-CBB8-4F4F-85DB-1F03EBAECB77}"
	ProjectSection(ProjectDependencies) = postProject
	EndProjectSection
EndProject
Global
	GlobalSection(SolutionConfiguration) = preSolution
		Debug = Debug
		Release = Release
	EndGlobalSection
	GlobalSection(ProjectConfiguration) = postSolution
		{568B41D8-5CED-4790-86D6-C57874784B4B}.Debug.ActiveCfg = Debug|.NET
		{568B41D8-5CED-4790-86D6-C57874784B4B}.Debug.Build.0 = Debug|.NET
		{568B41D8-5CED-4790-86D6-C57874784B4B}.Release.ActiveCfg = Release|.NET
		{568B41D8-5CED-4790-86D6-C57874784B4B}.Release.Build.0 = Release|.NET
		{8801CA75-B4B9-4584-9CE8-4C5A53DF9947}.Debug.ActiveCfg = Debug|.NET
		{8801CA75-B4B9-4584-9CE8-4C5A53DF9947}.Debug.Build.0 = Debug|.NET
		{8801CA75-B4B9-4584-9CE8-4C5A53DF9947}.Release.ActiveCfg = Release|.NET
		{8801CA75-B4B9-4584-9CE8-4C5A53DF9947}.Release.Build.0 = Release|.NET
		{186DC1FB-78AC-4458-8802-14323E57B350}.Debug.ActiveCfg = Debug|.NET
		{186DC1FB-78AC-4458-8802-14323E57B350}.Debug.Build.0 = Debug|.NET
		{186DC1FB-78AC-4458-8802-14323E57B350}.Release.ActiveCfg = Release|.NET
		{186DC1FB-78AC-4458-8802-14323E57B350}.Release.Build.0 = Release|.NET
		{A7D613E4-D1AB-4C13-B81D-2D6AA5CA8052}.Debug.ActiveCfg = Debug|.NET
		{A7D613E4-D1AB-4C13-B81D-2D6AA5CA8052}.Debug.Build.0 = Debug|.NET
		{A7D613E4-D1AB-4C13-B81D-2D6AA5CA8052}.Release.ActiveCfg = Release|.NET
		{A7D613E4-D1AB-4C13-B81D-2D6AA5CA8052}.Release.Build.0 = Release|.NET
		{E7B3D8E4-CBB8-4F4F-85DB-1F03EBAECB77}.Debug.ActiveCfg = Debug|.NET
		{E7B3D8E4-CBB8-4F4F-85DB-1F03EBAECB77}.Debug.Build.0 = Debug|.NET
		{E7B3D8E4-CBB8-4F4F-85DB-1F03EBAECB77}.Release.ActiveCfg = Release|.NET
		{E7B3D8E4-CBB8-4F4F-85DB-1F03EBAECB77}.Release.Build.0 = Release|.NET
	EndGlobalSection
	GlobalSection(ExtensibilityGlobals) = postSolution
	EndGlobalSection
	GlobalSection(ExtensibilityAddIns) = postSolution
	EndGlobalSection
EndGlobal
