Microsoft Visual Studio Solution File, Format Version 8.00
Project("{FAE04EC0-301F-11D3-BF4B-00C04F79EFBC}") = "Palladio.Editor.Proto", "Palladio.Editor.Proto.csproj", "{34F41D1B-A501-479F-80DD-0EFA12DD70A4}"
	ProjectSection(ProjectDependencies) = postProject
	EndProjectSection
EndProject
Project("{FAE04EC0-301F-11D3-BF4B-00C04F79EFBC}") = "Palladio.Editor.Common", "..\Palladio.Editor.Common\Palladio.Editor.Common.csproj", "{461BED64-4ECB-457B-8516-71C5FDA7895D}"
	ProjectSection(ProjectDependencies) = postProject
	EndProjectSection
EndProject
Project("{FAE04EC0-301F-11D3-BF4B-00C04F79EFBC}") = "Palladio.Editor.PluginHost", "..\Palladio.Editor.PluginHost\Palladio.Editor.PluginHost.csproj", "{502FC881-964E-4339-BA1F-90A072765C55}"
	ProjectSection(ProjectDependencies) = postProject
	EndProjectSection
EndProject
Project("{FAE04EC0-301F-11D3-BF4B-00C04F79EFBC}") = "Palladio.Editor.Plugins.TreeView", "..\Palladio.Editor.Plugins.TreeView\Palladio.Editor.Plugins.TreeView.csproj", "{A3CF9DD5-0F8D-4E76-96BC-DEF0D7E57074}"
	ProjectSection(ProjectDependencies) = postProject
	EndProjectSection
EndProject
Global
	GlobalSection(SolutionConfiguration) = preSolution
		Debug = Debug
		Release = Release
	EndGlobalSection
	GlobalSection(ProjectConfiguration) = postSolution
		{34F41D1B-A501-479F-80DD-0EFA12DD70A4}.Debug.ActiveCfg = Debug|.NET
		{34F41D1B-A501-479F-80DD-0EFA12DD70A4}.Debug.Build.0 = Debug|.NET
		{34F41D1B-A501-479F-80DD-0EFA12DD70A4}.Release.ActiveCfg = Release|.NET
		{34F41D1B-A501-479F-80DD-0EFA12DD70A4}.Release.Build.0 = Release|.NET
		{461BED64-4ECB-457B-8516-71C5FDA7895D}.Debug.ActiveCfg = Debug|.NET
		{461BED64-4ECB-457B-8516-71C5FDA7895D}.Debug.Build.0 = Debug|.NET
		{461BED64-4ECB-457B-8516-71C5FDA7895D}.Release.ActiveCfg = Release|.NET
		{461BED64-4ECB-457B-8516-71C5FDA7895D}.Release.Build.0 = Release|.NET
		{502FC881-964E-4339-BA1F-90A072765C55}.Debug.ActiveCfg = Debug|.NET
		{502FC881-964E-4339-BA1F-90A072765C55}.Debug.Build.0 = Debug|.NET
		{502FC881-964E-4339-BA1F-90A072765C55}.Release.ActiveCfg = Release|.NET
		{502FC881-964E-4339-BA1F-90A072765C55}.Release.Build.0 = Release|.NET
		{A3CF9DD5-0F8D-4E76-96BC-DEF0D7E57074}.Debug.ActiveCfg = Debug|.NET
		{A3CF9DD5-0F8D-4E76-96BC-DEF0D7E57074}.Debug.Build.0 = Debug|.NET
		{A3CF9DD5-0F8D-4E76-96BC-DEF0D7E57074}.Release.ActiveCfg = Release|.NET
		{A3CF9DD5-0F8D-4E76-96BC-DEF0D7E57074}.Release.Build.0 = Release|.NET
	EndGlobalSection
	GlobalSection(ExtensibilityGlobals) = postSolution
	EndGlobalSection
	GlobalSection(ExtensibilityAddIns) = postSolution
	EndGlobalSection
EndGlobal
