Microsoft Visual Studio Solution File, Format Version 9.00
# Visual Studio 2005
Project("{E24C65DC-7377-472B-9ABA-BC803B73C61A}") = "http://localhost/WebAudioStore/", "http://localhost/WebAudioStore", "{8F7221BC-635C-4024-B18E-BF45DBE365D4}"
	ProjectSection(WebsiteProperties) = preProject
		Debug.AspNetCompiler.VirtualPath = "/WebAudioStore"
		Debug.AspNetCompiler.PhysicalPath = "..\WebAudioStore\"
		Debug.AspNetCompiler.TargetPath = "PrecompiledWeb\WebAudioStore\"
		Debug.AspNetCompiler.Updateable = "true"
		Debug.AspNetCompiler.ForceOverwrite = "true"
		Debug.AspNetCompiler.FixedNames = "false"
		Debug.AspNetCompiler.Debug = "True"
		Release.AspNetCompiler.VirtualPath = "/WebAudioStore"
		Release.AspNetCompiler.PhysicalPath = "..\WebAudioStore\"
		Release.AspNetCompiler.TargetPath = "PrecompiledWeb\WebAudioStore\"
		Release.AspNetCompiler.Updateable = "true"
		Release.AspNetCompiler.ForceOverwrite = "true"
		Release.AspNetCompiler.FixedNames = "false"
		Release.AspNetCompiler.Debug = "False"
		SlnRelativePath = "..\WebAudioStore\"
	EndProjectSection
EndProject
Global
	GlobalSection(SolutionConfigurationPlatforms) = preSolution
		Debug|Default = Debug|Default
		Release|Default = Release|Default
	EndGlobalSection
	GlobalSection(ProjectConfigurationPlatforms) = postSolution
		{8F7221BC-635C-4024-B18E-BF45DBE365D4}.Debug|Default.ActiveCfg = Debug|.NET
		{8F7221BC-635C-4024-B18E-BF45DBE365D4}.Debug|Default.Build.0 = Debug|.NET
		{8F7221BC-635C-4024-B18E-BF45DBE365D4}.Release|Default.ActiveCfg = Release|.NET
		{8F7221BC-635C-4024-B18E-BF45DBE365D4}.Release|Default.Build.0 = Release|.NET
	EndGlobalSection
	GlobalSection(SolutionProperties) = preSolution
		HideSolutionNode = FALSE
	EndGlobalSection
EndGlobal
