Microsoft Visual Studio Solution File, Format Version 8.00
Project("{FAE04EC0-301F-11D3-BF4B-00C04F79EFBC}") = "WebServerWithDynamicCache", "WebServerWithDynamicCache.csproj", "{CAFFD508-0F4F-47CF-8785-AF226AC73A91}"
	ProjectSection(ProjectDependencies) = postProject
	EndProjectSection
EndProject
Global
	GlobalSection(SolutionConfiguration) = preSolution
		Debug = Debug
		Release = Release
	EndGlobalSection
	GlobalSection(ProjectConfiguration) = postSolution
		{CAFFD508-0F4F-47CF-8785-AF226AC73A91}.Debug.ActiveCfg = Debug|.NET
		{CAFFD508-0F4F-47CF-8785-AF226AC73A91}.Debug.Build.0 = Debug|.NET
		{CAFFD508-0F4F-47CF-8785-AF226AC73A91}.Release.ActiveCfg = Release|.NET
		{CAFFD508-0F4F-47CF-8785-AF226AC73A91}.Release.Build.0 = Release|.NET
	EndGlobalSection
	GlobalSection(ExtensibilityGlobals) = postSolution
	EndGlobalSection
	GlobalSection(ExtensibilityAddIns) = postSolution
	EndGlobalSection
EndGlobal
