Microsoft Visual Studio Solution File, Format Version 8.00
Project("{FAE04EC0-301F-11D3-BF4B-00C04F79EFBC}") = "MySmallWebServer", "MySmallWebServer.csproj", "{FD36EC7A-EA13-44CE-B01E-B62CF580FD0F}"
	ProjectSection(ProjectDependencies) = postProject
	EndProjectSection
EndProject
Global
	GlobalSection(SolutionConfiguration) = preSolution
		Debug = Debug
		Release = Release
	EndGlobalSection
	GlobalSection(ProjectConfiguration) = postSolution
		{FD36EC7A-EA13-44CE-B01E-B62CF580FD0F}.Debug.ActiveCfg = Debug|.NET
		{FD36EC7A-EA13-44CE-B01E-B62CF580FD0F}.Debug.Build.0 = Debug|.NET
		{FD36EC7A-EA13-44CE-B01E-B62CF580FD0F}.Release.ActiveCfg = Release|.NET
		{FD36EC7A-EA13-44CE-B01E-B62CF580FD0F}.Release.Build.0 = Release|.NET
	EndGlobalSection
	GlobalSection(ExtensibilityGlobals) = postSolution
	EndGlobalSection
	GlobalSection(ExtensibilityAddIns) = postSolution
	EndGlobalSection
EndGlobal
