Microsoft Visual Studio Solution File, Format Version 8.00
Project("{FAE04EC0-301F-11D3-BF4B-00C04F79EFBC}") = "DBAcesses", "DBAcesses.csproj", "{0BA996CC-023F-4CB9-BE51-C7299C643B4D}"
	ProjectSection(ProjectDependencies) = postProject
	EndProjectSection
EndProject
Global
	GlobalSection(SolutionConfiguration) = preSolution
		Debug = Debug
		Release = Release
	EndGlobalSection
	GlobalSection(ProjectConfiguration) = postSolution
		{0BA996CC-023F-4CB9-BE51-C7299C643B4D}.Debug.ActiveCfg = Debug|.NET
		{0BA996CC-023F-4CB9-BE51-C7299C643B4D}.Debug.Build.0 = Debug|.NET
		{0BA996CC-023F-4CB9-BE51-C7299C643B4D}.Release.ActiveCfg = Release|.NET
		{0BA996CC-023F-4CB9-BE51-C7299C643B4D}.Release.Build.0 = Release|.NET
	EndGlobalSection
	GlobalSection(ExtensibilityGlobals) = postSolution
	EndGlobalSection
	GlobalSection(ExtensibilityAddIns) = postSolution
	EndGlobalSection
EndGlobal
